
Microsoft Visual Studio Solution File, Format Version 12.00
# Visual Studio Version 17
VisualStudioVersion = 17.13.35931.197
MinimumVisualStudioVersion = 10.0.40219.1
Project("{FAE04EC0-301F-11D3-BF4B-00C04F79EFBC}") = "FitNation.API", "FitNation.API\FitNation.API.csproj", "{6882F2F4-6F7B-47E1-A0E0-8898AABB6E04}"
EndProject
Project("{FAE04EC0-301F-11D3-BF4B-00C04F79EFBC}") = "FitNation.Core", "FitNation.Core\FitNation.Core.csproj", "{6E464060-0EE5-46DA-A130-CAF68793E234}"
EndProject
Project("{FAE04EC0-301F-11D3-BF4B-00C04F79EFBC}") = "FitNation.Infrastrucure", "FitNation.Infrastrucure\FitNation.Infrastrucure.csproj", "{A6957698-6C2B-46F2-AB25-A2973EFC77EF}"
EndProject
Project("{FAE04EC0-301F-11D3-BF4B-00C04F79EFBC}") = "FitNation.Services", "Services\FitNation.Services.csproj", "{C2EFCB4E-3443-43D0-A55B-0B2CC53CCE8D}"
EndProject
Global
	GlobalSection(SolutionConfigurationPlatforms) = preSolution
		Debug|Any CPU = Debug|Any CPU
		Release|Any CPU = Release|Any CPU
	EndGlobalSection
	GlobalSection(ProjectConfigurationPlatforms) = postSolution
		{6882F2F4-6F7B-47E1-A0E0-8898AABB6E04}.Debug|Any CPU.ActiveCfg = Debug|Any CPU
		{6882F2F4-6F7B-47E1-A0E0-8898AABB6E04}.Debug|Any CPU.Build.0 = Debug|Any CPU
		{6882F2F4-6F7B-47E1-A0E0-8898AABB6E04}.Release|Any CPU.ActiveCfg = Release|Any CPU
		{6882F2F4-6F7B-47E1-A0E0-8898AABB6E04}.Release|Any CPU.Build.0 = Release|Any CPU
		{6E464060-0EE5-46DA-A130-CAF68793E234}.Debug|Any CPU.ActiveCfg = Debug|Any CPU
		{6E464060-0EE5-46DA-A130-CAF68793E234}.Debug|Any CPU.Build.0 = Debug|Any CPU
		{6E464060-0EE5-46DA-A130-CAF68793E234}.Release|Any CPU.ActiveCfg = Release|Any CPU
		{6E464060-0EE5-46DA-A130-CAF68793E234}.Release|Any CPU.Build.0 = Release|Any CPU
		{A6957698-6C2B-46F2-AB25-A2973EFC77EF}.Debug|Any CPU.ActiveCfg = Debug|Any CPU
		{A6957698-6C2B-46F2-AB25-A2973EFC77EF}.Debug|Any CPU.Build.0 = Debug|Any CPU
		{A6957698-6C2B-46F2-AB25-A2973EFC77EF}.Release|Any CPU.ActiveCfg = Release|Any CPU
		{A6957698-6C2B-46F2-AB25-A2973EFC77EF}.Release|Any CPU.Build.0 = Release|Any CPU
		{C2EFCB4E-3443-43D0-A55B-0B2CC53CCE8D}.Debug|Any CPU.ActiveCfg = Debug|Any CPU
		{C2EFCB4E-3443-43D0-A55B-0B2CC53CCE8D}.Debug|Any CPU.Build.0 = Debug|Any CPU
		{C2EFCB4E-3443-43D0-A55B-0B2CC53CCE8D}.Release|Any CPU.ActiveCfg = Release|Any CPU
		{C2EFCB4E-3443-43D0-A55B-0B2CC53CCE8D}.Release|Any CPU.Build.0 = Release|Any CPU
	EndGlobalSection
	GlobalSection(SolutionProperties) = preSolution
		HideSolutionNode = FALSE
	EndGlobalSection
	GlobalSection(ExtensibilityGlobals) = postSolution
		SolutionGuid = {693CD683-113A-492C-8B98-067B0AD827AA}
	EndGlobalSection
EndGlobal
